
Microsoft Visual Studio Solution File, Format Version 12.00
# Visual Studio Version 16
VisualStudioVersion = 16.0.29806.167
MinimumVisualStudioVersion = 10.0.40219.1
Project("{FAE04EC0-301F-11D3-BF4B-00C04F79EFBC}") = "SafeNetWebATM", "SafeNetWebATM\SafeNetWebATM.csproj", "{7AD31C1A-BAE7-4FA1-AEB1-8B335EBFE6B9}"
EndProject
Global
	GlobalSection(SolutionConfigurationPlatforms) = preSolution
		Debug|Any CPU = Debug|Any CPU
		Release|Any CPU = Release|Any CPU
	EndGlobalSection
	GlobalSection(ProjectConfigurationPlatforms) = postSolution
		{7AD31C1A-BAE7-4FA1-AEB1-8B335EBFE6B9}.Debug|Any CPU.ActiveCfg = Debug|Any CPU
		{7AD31C1A-BAE7-4FA1-AEB1-8B335EBFE6B9}.Debug|Any CPU.Build.0 = Debug|Any CPU
		{7AD31C1A-BAE7-4FA1-AEB1-8B335EBFE6B9}.Release|Any CPU.ActiveCfg = Release|Any CPU
		{7AD31C1A-BAE7-4FA1-AEB1-8B335EBFE6B9}.Release|Any CPU.Build.0 = Release|Any CPU
	EndGlobalSection
	GlobalSection(SolutionProperties) = preSolution
		HideSolutionNode = FALSE
	EndGlobalSection
	GlobalSection(ExtensibilityGlobals) = postSolution
		SolutionGuid = {4F7AE170-165A-4D7C-81B6-B96228FE22B7}
	EndGlobalSection
EndGlobal
